
Microsoft Visual Studio Solution File, Format Version 12.00
# Visual Studio Version 16
VisualStudioVersion = 16.0.32228.343
MinimumVisualStudioVersion = 10.0.40219.1
Project("{FAE04EC0-301F-11D3-BF4B-00C04F79EFBC}") = "Numero Por Extenso", "Numero Por Extenso\Numero Por Extenso.csproj", "{02D17825-0139-4DC6-A629-EEA62808C911}"
EndProject
Project("{FAE04EC0-301F-11D3-BF4B-00C04F79EFBC}") = "ConverteNumero", "ConverteNumero\ConverteNumero.csproj", "{F9CC135A-C2C2-4B2C-8D47-074F0572AFCE}"
EndProject
Global
	GlobalSection(SolutionConfigurationPlatforms) = preSolution
		Debug|Any CPU = Debug|Any CPU
		Release|Any CPU = Release|Any CPU
	EndGlobalSection
	GlobalSection(ProjectConfigurationPlatforms) = postSolution
		{02D17825-0139-4DC6-A629-EEA62808C911}.Debug|Any CPU.ActiveCfg = Debug|Any CPU
		{02D17825-0139-4DC6-A629-EEA62808C911}.Debug|Any CPU.Build.0 = Debug|Any CPU
		{02D17825-0139-4DC6-A629-EEA62808C911}.Release|Any CPU.ActiveCfg = Release|Any CPU
		{02D17825-0139-4DC6-A629-EEA62808C911}.Release|Any CPU.Build.0 = Release|Any CPU
		{F9CC135A-C2C2-4B2C-8D47-074F0572AFCE}.Debug|Any CPU.ActiveCfg = Debug|Any CPU
		{F9CC135A-C2C2-4B2C-8D47-074F0572AFCE}.Debug|Any CPU.Build.0 = Debug|Any CPU
		{F9CC135A-C2C2-4B2C-8D47-074F0572AFCE}.Release|Any CPU.ActiveCfg = Release|Any CPU
		{F9CC135A-C2C2-4B2C-8D47-074F0572AFCE}.Release|Any CPU.Build.0 = Release|Any CPU
	EndGlobalSection
	GlobalSection(SolutionProperties) = preSolution
		HideSolutionNode = FALSE
	EndGlobalSection
	GlobalSection(ExtensibilityGlobals) = postSolution
		SolutionGuid = {E33083AD-EB94-4508-A23C-07DC0D4BFC09}
	EndGlobalSection
EndGlobal
